
Microsoft Visual Studio Solution File, Format Version 12.00
# Visual Studio Version 16
VisualStudioVersion = 16.0.29519.181
MinimumVisualStudioVersion = 10.0.40219.1
Project("{FAE04EC0-301F-11D3-BF4B-00C04F79EFBC}") = "Moment2", "Moment2.csproj", "{791F8DD4-FD70-44BB-834D-927D9D58C78F}"
EndProject
Global
	GlobalSection(SolutionConfigurationPlatforms) = preSolution
		Debug|Any CPU = Debug|Any CPU
		Release|Any CPU = Release|Any CPU
	EndGlobalSection
	GlobalSection(ProjectConfigurationPlatforms) = postSolution
		{791F8DD4-FD70-44BB-834D-927D9D58C78F}.Debug|Any CPU.ActiveCfg = Debug|Any CPU
		{791F8DD4-FD70-44BB-834D-927D9D58C78F}.Debug|Any CPU.Build.0 = Debug|Any CPU
		{791F8DD4-FD70-44BB-834D-927D9D58C78F}.Release|Any CPU.ActiveCfg = Release|Any CPU
		{791F8DD4-FD70-44BB-834D-927D9D58C78F}.Release|Any CPU.Build.0 = Release|Any CPU
	EndGlobalSection
	GlobalSection(SolutionProperties) = preSolution
		HideSolutionNode = FALSE
	EndGlobalSection
	GlobalSection(ExtensibilityGlobals) = postSolution
		SolutionGuid = {91B8292D-57E0-4D04-BA23-FE1398D9A0CA}
	EndGlobalSection
EndGlobal
